
Microsoft Visual Studio Solution File, Format Version 12.00
# Visual Studio 14
VisualStudioVersion = 14.0.25420.1
MinimumVisualStudioVersion = 10.0.40219.1
Project("{FAE04EC0-301F-11D3-BF4B-00C04F79EFBC}") = "MvcTakip", "MvcTakip\MvcTakip.csproj", "{FAC64943-4083-4FE6-88C1-ECCA3C9BF1DB}"
EndProject
Global
	GlobalSection(SolutionConfigurationPlatforms) = preSolution
		Debug|Any CPU = Debug|Any CPU
		Release|Any CPU = Release|Any CPU
	EndGlobalSection
	GlobalSection(ProjectConfigurationPlatforms) = postSolution
		{FAC64943-4083-4FE6-88C1-ECCA3C9BF1DB}.Debug|Any CPU.ActiveCfg = Debug|Any CPU
		{FAC64943-4083-4FE6-88C1-ECCA3C9BF1DB}.Debug|Any CPU.Build.0 = Debug|Any CPU
		{FAC64943-4083-4FE6-88C1-ECCA3C9BF1DB}.Release|Any CPU.ActiveCfg = Release|Any CPU
		{FAC64943-4083-4FE6-88C1-ECCA3C9BF1DB}.Release|Any CPU.Build.0 = Release|Any CPU
	EndGlobalSection
	GlobalSection(SolutionProperties) = preSolution
		HideSolutionNode = FALSE
	EndGlobalSection
EndGlobal
